dependencies:
  espressif/cmake_utilities:
    component_hash: 351350613ceafba240b761b4ea991e0f231ac7a9f59a9ee901f751bddc0bb18f
    source:
      service_url: https://api.components.espressif.com/
      type: service
    version: 0.5.3
  idf:
    component_hash: null
    source:
      type: idf
    version: 5.2.1
manifest_hash: dca4698c39cc227f0ea7ca414a33623cc75381cd1e756ab5966202f08305ca8b
target: esp32s3
version: 1.0.0
